// !$*UTF8*$!
{
	archiveVersion = 1;
	classes = {
	};
	objectVersion = 46;
	objects = {

/* Begin PBXBuildFile section */
		AD11BEF0BDF8D31F7EF3FAA1 /* libPods-JMZhihuDaily.a in Frameworks */ = {isa = PBXBuildFile; fileRef = 5688F39C562A66E2926245DD /* libPods-JMZhihuDaily.a */; };
		C4037CAE1BF6B984003D112B /* Assets.xcassets in Resources */ = {isa = PBXBuildFile; fileRef = C4037CAD1BF6B984003D112B /* Assets.xcassets */; };
		C4045B8E1BFDEE1200196582 /* DACircularProgressView.m in Sources */ = {isa = PBXBuildFile; fileRef = C4045B8D1BFDEE1200196582 /* DACircularProgressView.m */; };
		C4847D2E1BEA250F000EA5B3 /* UINavigationBar+Awesome.m in Sources */ = {isa = PBXBuildFile; fileRef = C4847D2D1BEA250F000EA5B3 /* UINavigationBar+Awesome.m */; };
		C4847D311BEA28D1000EA5B3 /* JSAnimatedImagesView.m in Sources */ = {isa = PBXBuildFile; fileRef = C4847D301BEA28D1000EA5B3 /* JSAnimatedImagesView.m */; };
		C4847D361BEA291C000EA5B3 /* ZFModalTransitionAnimator.m in Sources */ = {isa = PBXBuildFile; fileRef = C4847D351BEA291C000EA5B3 /* ZFModalTransitionAnimator.m */; };
		C4847D3A1BEA2934000EA5B3 /* UIImage+ImageEffects.m in Sources */ = {isa = PBXBuildFile; fileRef = C4847D391BEA2934000EA5B3 /* UIImage+ImageEffects.m */; };
		C4847D3E1BEA2964000EA5B3 /* ParallaxHeaderView.m in Sources */ = {isa = PBXBuildFile; fileRef = C4847D3D1BEA2964000EA5B3 /* ParallaxHeaderView.m */; };
		C4847D491BEA297E000EA5B3 /* NSData+SDDataCache.m in Sources */ = {isa = PBXBuildFile; fileRef = C4847D411BEA297E000EA5B3 /* NSData+SDDataCache.m */; };
		C4847D4B1BEA297E000EA5B3 /* SDCollectionViewCell.m in Sources */ = {isa = PBXBuildFile; fileRef = C4847D441BEA297E000EA5B3 /* SDCollectionViewCell.m */; };
		C4847D4C1BEA297E000EA5B3 /* SDCycleScrollView.m in Sources */ = {isa = PBXBuildFile; fileRef = C4847D461BEA297E000EA5B3 /* SDCycleScrollView.m */; };
		C4847D4D1BEA297E000EA5B3 /* UIView+SDExtension.m in Sources */ = {isa = PBXBuildFile; fileRef = C4847D481BEA297E000EA5B3 /* UIView+SDExtension.m */; };
		C4847D511BEA29A8000EA5B3 /* GradientView.m in Sources */ = {isa = PBXBuildFile; fileRef = C4847D501BEA29A8000EA5B3 /* GradientView.m */; };
		C4847D5B1BEA2A26000EA5B3 /* TAAbstractDotView.m in Sources */ = {isa = PBXBuildFile; fileRef = C4847D541BEA2A26000EA5B3 /* TAAbstractDotView.m */; };
		C4847D5C1BEA2A26000EA5B3 /* TAAnimatedDotView.m in Sources */ = {isa = PBXBuildFile; fileRef = C4847D561BEA2A26000EA5B3 /* TAAnimatedDotView.m */; };
		C4847D5D1BEA2A26000EA5B3 /* TADotView.m in Sources */ = {isa = PBXBuildFile; fileRef = C4847D581BEA2A26000EA5B3 /* TADotView.m */; };
		C4847D5E1BEA2A26000EA5B3 /* TAPageControl.m in Sources */ = {isa = PBXBuildFile; fileRef = C4847D5A1BEA2A26000EA5B3 /* TAPageControl.m */; };
		C4847D621BEA2A94000EA5B3 /* MSWeakTimer.m in Sources */ = {isa = PBXBuildFile; fileRef = C4847D611BEA2A94000EA5B3 /* MSWeakTimer.m */; };
		C48D707D1BFF010C000DF7CA /* CAAnimation+Blocks.m in Sources */ = {isa = PBXBuildFile; fileRef = C48D707C1BFF010C000DF7CA /* CAAnimation+Blocks.m */; };
		C48D70841BFF0119000DF7CA /* SCBubbleRefreshView.m in Sources */ = {isa = PBXBuildFile; fileRef = C48D707F1BFF0119000DF7CA /* SCBubbleRefreshView.m */; };
		C48D70851BFF0119000DF7CA /* SCCircularRefreshView.m in Sources */ = {isa = PBXBuildFile; fileRef = C48D70811BFF0119000DF7CA /* SCCircularRefreshView.m */; };
		C48D70861BFF0119000DF7CA /* SCPullRefreshViewController.m in Sources */ = {isa = PBXBuildFile; fileRef = C48D70831BFF0119000DF7CA /* SCPullRefreshViewController.m */; };
		C48D708B1BFF0163000DF7CA /* StoryModel.m in Sources */ = {isa = PBXBuildFile; fileRef = C48D70881BFF0163000DF7CA /* StoryModel.m */; };
		C48D708C1BFF0163000DF7CA /* UserModel.m in Sources */ = {isa = PBXBuildFile; fileRef = C48D708A1BFF0163000DF7CA /* UserModel.m */; };
		C48D70911BFF019C000DF7CA /* LaunchViewController.m in Sources */ = {isa = PBXBuildFile; fileRef = C48D708E1BFF019C000DF7CA /* LaunchViewController.m */; };
		C48D70921BFF019C000DF7CA /* PaletteViewController.m in Sources */ = {isa = PBXBuildFile; fileRef = C48D70901BFF019C000DF7CA /* PaletteViewController.m */; };
		C48D70991BFF01CC000DF7CA /* MainTableViewController.m in Sources */ = {isa = PBXBuildFile; fileRef = C48D70941BFF01CC000DF7CA /* MainTableViewController.m */; };
		C48D709A1BFF01CC000DF7CA /* TableContentViewCell.m in Sources */ = {isa = PBXBuildFile; fileRef = C48D70961BFF01CC000DF7CA /* TableContentViewCell.m */; };
		C48D709B1BFF01CC000DF7CA /* TableSeparatorViewCell.m in Sources */ = {isa = PBXBuildFile; fileRef = C48D70981BFF01CC000DF7CA /* TableSeparatorViewCell.m */; };
		C48D70A21BFF0205000DF7CA /* ContentSideCell.m in Sources */ = {isa = PBXBuildFile; fileRef = C48D709D1BFF0205000DF7CA /* ContentSideCell.m */; };
		C48D70A31BFF0205000DF7CA /* HomeSideCell.m in Sources */ = {isa = PBXBuildFile; fileRef = C48D709F1BFF0205000DF7CA /* HomeSideCell.m */; };
		C48D70A41BFF0205000DF7CA /* SideMenuViewController.m in Sources */ = {isa = PBXBuildFile; fileRef = C48D70A11BFF0205000DF7CA /* SideMenuViewController.m */; };
		C48D70AD1BFF0229000DF7CA /* ThemeEditorTableViewCell.m in Sources */ = {isa = PBXBuildFile; fileRef = C48D70A61BFF0229000DF7CA /* ThemeEditorTableViewCell.m */; };
		C48D70AE1BFF0229000DF7CA /* ThemeTextTableViewCell.m in Sources */ = {isa = PBXBuildFile; fileRef = C48D70A81BFF0229000DF7CA /* ThemeTextTableViewCell.m */; };
		C48D70AF1BFF0229000DF7CA /* ThemeTextWithImageTableViewCell.m in Sources */ = {isa = PBXBuildFile; fileRef = C48D70AA1BFF0229000DF7CA /* ThemeTextWithImageTableViewCell.m */; };
		C48D70B01BFF0229000DF7CA /* ThemeViewController.m in Sources */ = {isa = PBXBuildFile; fileRef = C48D70AC1BFF0229000DF7CA /* ThemeViewController.m */; };
		C48D70B91BFF0266000DF7CA /* DescriptionViewController.m in Sources */ = {isa = PBXBuildFile; fileRef = C48D70B21BFF0266000DF7CA /* DescriptionViewController.m */; };
		C48D70BA1BFF0266000DF7CA /* LoginViewController.m in Sources */ = {isa = PBXBuildFile; fileRef = C48D70B41BFF0266000DF7CA /* LoginViewController.m */; };
		C48D70BB1BFF0266000DF7CA /* UserInfoCell.m in Sources */ = {isa = PBXBuildFile; fileRef = C48D70B61BFF0266000DF7CA /* UserInfoCell.m */; };
		C48D70BC1BFF0266000DF7CA /* UserInfoViewController.m in Sources */ = {isa = PBXBuildFile; fileRef = C48D70B81BFF0266000DF7CA /* UserInfoViewController.m */; };
		C48D70BF1BFF2BDA000DF7CA /* JMPullRefreshTableViewController.m in Sources */ = {isa = PBXBuildFile; fileRef = C48D70BE1BFF2BDA000DF7CA /* JMPullRefreshTableViewController.m */; };
		C4C3C10C1BE895C500AA1E73 /* main.m in Sources */ = {isa = PBXBuildFile; fileRef = C4C3C10B1BE895C500AA1E73 /* main.m */; };
		C4C3C10F1BE895C500AA1E73 /* AppDelegate.m in Sources */ = {isa = PBXBuildFile; fileRef = C4C3C10E1BE895C500AA1E73 /* AppDelegate.m */; };
		C4C3C1151BE895C500AA1E73 /* Main.storyboard in Resources */ = {isa = PBXBuildFile; fileRef = C4C3C1131BE895C500AA1E73 /* Main.storyboard */; };
		C4C3C11A1BE895C500AA1E73 /* LaunchScreen.storyboard in Resources */ = {isa = PBXBuildFile; fileRef = C4C3C1181BE895C500AA1E73 /* LaunchScreen.storyboard */; };
		C4C3C1401BE9C71400AA1E73 /* SWRevealViewController.m in Sources */ = {isa = PBXBuildFile; fileRef = C4C3C13F1BE9C71400AA1E73 /* SWRevealViewController.m */; };
		C4C3C14E1BE9CF2000AA1E73 /* myUILabel.m in Sources */ = {isa = PBXBuildFile; fileRef = C4C3C14D1BE9CF2000AA1E73 /* myUILabel.m */; };
		C4F15D3C1BEF443400108D55 /* WebViewController.m in Sources */ = {isa = PBXBuildFile; fileRef = C4F15D3B1BEF443400108D55 /* WebViewController.m */; };
/* End PBXBuildFile section */

/* Begin PBXFileReference section */
		5688F39C562A66E2926245DD /* libPods-JMZhihuDaily.a */ = {isa = PBXFileReference; explicitFileType = archive.ar; includeInIndex = 0; path = "libPods-JMZhihuDaily.a"; sourceTree = BUILT_PRODUCTS_DIR; };
		68AAB5CB82B9C0937B5FB9AA /* Pods-JMZhihuDaily.debug.xcconfig */ = {isa = PBXFileReference; includeInIndex = 1; lastKnownFileType = text.xcconfig; name = "Pods-JMZhihuDaily.debug.xcconfig"; path = "Pods/Target Support Files/Pods-JMZhihuDaily/Pods-JMZhihuDaily.debug.xcconfig"; sourceTree = "<group>"; };
		C4037CAD1BF6B984003D112B /* Assets.xcassets */ = {isa = PBXFileReference; lastKnownFileType = folder.assetcatalog; path = Assets.xcassets; sourceTree = "<group>"; };
		C4045B8C1BFDEE1200196582 /* DACircularProgressView.h */ = {isa = PBXFileReference; fileEncoding = 4; lastKnownFileType = sourcecode.c.h; name = DACircularProgressView.h; path = Framework/DACircularProgress/DACircularProgressView.h; sourceTree = "<group>"; };
		C4045B8D1BFDEE1200196582 /* DACircularProgressView.m */ = {isa = PBXFileReference; fileEncoding = 4; lastKnownFileType = sourcecode.c.objc; name = DACircularProgressView.m; path = Framework/DACircularProgress/DACircularProgressView.m; sourceTree = "<group>"; };
		C4058A821BE9E62F00FCD01C /* PrefixHeader.pch */ = {isa = PBXFileReference; fileEncoding = 4; lastKnownFileType = sourcecode.c.h; name = PrefixHeader.pch; path = JMZhihuDaily/PrefixHeader.pch; sourceTree = "<group>"; };
		C4847D2C1BEA250F000EA5B3 /* UINavigationBar+Awesome.h */ = {isa = PBXFileReference; fileEncoding = 4; lastKnownFileType = sourcecode.c.h; name = "UINavigationBar+Awesome.h"; path = "Framework/AwesomeUINavigationBar/UINavigationBar+Awesome.h"; sourceTree = "<group>"; };
		C4847D2D1BEA250F000EA5B3 /* UINavigationBar+Awesome.m */ = {isa = PBXFileReference; fileEncoding = 4; lastKnownFileType = sourcecode.c.objc; name = "UINavigationBar+Awesome.m"; path = "Framework/AwesomeUINavigationBar/UINavigationBar+Awesome.m"; sourceTree = "<group>"; };
		C4847D2F1BEA28D1000EA5B3 /* JSAnimatedImagesView.h */ = {isa = PBXFileReference; fileEncoding = 4; lastKnownFileType = sourcecode.c.h; name = JSAnimatedImagesView.h; path = Framework/JSAnimated/JSAnimatedImagesView.h; sourceTree = "<group>"; };
		C4847D301BEA28D1000EA5B3 /* JSAnimatedImagesView.m */ = {isa = PBXFileReference; fileEncoding = 4; lastKnownFileType = sourcecode.c.objc; name = JSAnimatedImagesView.m; path = Framework/JSAnimated/JSAnimatedImagesView.m; sourceTree = "<group>"; };
		C4847D341BEA291C000EA5B3 /* ZFModalTransitionAnimator.h */ = {isa = PBXFileReference; fileEncoding = 4; lastKnownFileType = sourcecode.c.h; name = ZFModalTransitionAnimator.h; path = Framework/ZFModalTransition/ZFModalTransitionAnimator.h; sourceTree = "<group>"; };
		C4847D351BEA291C000EA5B3 /* ZFModalTransitionAnimator.m */ = {isa = PBXFileReference; fileEncoding = 4; lastKnownFileType = sourcecode.c.objc; name = ZFModalTransitionAnimator.m; path = Framework/ZFModalTransition/ZFModalTransitionAnimator.m; sourceTree = "<group>"; };
		C4847D381BEA2934000EA5B3 /* UIImage+ImageEffects.h */ = {isa = PBXFileReference; fileEncoding = 4; lastKnownFileType = sourcecode.c.h; name = "UIImage+ImageEffects.h"; path = "Framework/AeroEffect/UIImage+ImageEffects.h"; sourceTree = "<group>"; };
		C4847D391BEA2934000EA5B3 /* UIImage+ImageEffects.m */ = {isa = PBXFileReference; fileEncoding = 4; lastKnownFileType = sourcecode.c.objc; name = "UIImage+ImageEffects.m"; path = "Framework/AeroEffect/UIImage+ImageEffects.m"; sourceTree = "<group>"; };
		C4847D3C1BEA2964000EA5B3 /* ParallaxHeaderView.h */ = {isa = PBXFileReference; fileEncoding = 4; lastKnownFileType = sourcecode.c.h; name = ParallaxHeaderView.h; path = Framework/ParallaxHeaderView/ParallaxHeaderView.h; sourceTree = "<group>"; };
		C4847D3D1BEA2964000EA5B3 /* ParallaxHeaderView.m */ = {isa = PBXFileReference; fileEncoding = 4; lastKnownFileType = sourcecode.c.objc; name = ParallaxHeaderView.m; path = Framework/ParallaxHeaderView/ParallaxHeaderView.m; sourceTree = "<group>"; };
		C4847D401BEA297E000EA5B3 /* NSData+SDDataCache.h */ = {isa = PBXFileReference; fileEncoding = 4; lastKnownFileType = sourcecode.c.h; name = "NSData+SDDataCache.h"; path = "Framework/SDCycleScrollView/NSData+SDDataCache.h"; sourceTree = "<group>"; };
		C4847D411BEA297E000EA5B3 /* NSData+SDDataCache.m */ = {isa = PBXFileReference; fileEncoding = 4; lastKnownFileType = sourcecode.c.objc; name = "NSData+SDDataCache.m"; path = "Framework/SDCycleScrollView/NSData+SDDataCache.m"; sourceTree = "<group>"; };
		C4847D431BEA297E000EA5B3 /* SDCollectionViewCell.h */ = {isa = PBXFileReference; fileEncoding = 4; lastKnownFileType = sourcecode.c.h; name = SDCollectionViewCell.h; path = Framework/SDCycleScrollView/SDCollectionViewCell.h; sourceTree = "<group>"; };
		C4847D441BEA297E000EA5B3 /* SDCollectionViewCell.m */ = {isa = PBXFileReference; fileEncoding = 4; lastKnownFileType = sourcecode.c.objc; name = SDCollectionViewCell.m; path = Framework/SDCycleScrollView/SDCollectionViewCell.m; sourceTree = "<group>"; };
		C4847D451BEA297E000EA5B3 /* SDCycleScrollView.h */ = {isa = PBXFileReference; fileEncoding = 4; lastKnownFileType = sourcecode.c.h; name = SDCycleScrollView.h; path = Framework/SDCycleScrollView/SDCycleScrollView.h; sourceTree = "<group>"; };
		C4847D461BEA297E000EA5B3 /* SDCycleScrollView.m */ = {isa = PBXFileReference; fileEncoding = 4; lastKnownFileType = sourcecode.c.objc; name = SDCycleScrollView.m; path = Framework/SDCycleScrollView/SDCycleScrollView.m; sourceTree = "<group>"; };
		C4847D471BEA297E000EA5B3 /* UIView+SDExtension.h */ = {isa = PBXFileReference; fileEncoding = 4; lastKnownFileType = sourcecode.c.h; name = "UIView+SDExtension.h"; path = "Framework/SDCycleScrollView/UIView+SDExtension.h"; sourceTree = "<group>"; };
		C4847D481BEA297E000EA5B3 /* UIView+SDExtension.m */ = {isa = PBXFileReference; fileEncoding = 4; lastKnownFileType = sourcecode.c.objc; name = "UIView+SDExtension.m"; path = "Framework/SDCycleScrollView/UIView+SDExtension.m"; sourceTree = "<group>"; };
		C4847D4F1BEA29A8000EA5B3 /* GradientView.h */ = {isa = PBXFileReference; fileEncoding = 4; lastKnownFileType = sourcecode.c.h; name = GradientView.h; path = Framework/GradientView/GradientView.h; sourceTree = "<group>"; };
		C4847D501BEA29A8000EA5B3 /* GradientView.m */ = {isa = PBXFileReference; fileEncoding = 4; lastKnownFileType = sourcecode.c.objc; name = GradientView.m; path = Framework/GradientView/GradientView.m; sourceTree = "<group>"; };
		C4847D531BEA2A26000EA5B3 /* TAAbstractDotView.h */ = {isa = PBXFileReference; fileEncoding = 4; lastKnownFileType = sourcecode.c.h; name = TAAbstractDotView.h; path = Framework/SDCycleScrollView/PageControl/TAAbstractDotView.h; sourceTree = "<group>"; };
		C4847D541BEA2A26000EA5B3 /* TAAbstractDotView.m */ = {isa = PBXFileReference; fileEncoding = 4; lastKnownFileType = sourcecode.c.objc; name = TAAbstractDotView.m; path = Framework/SDCycleScrollView/PageControl/TAAbstractDotView.m; sourceTree = "<group>"; };
		C4847D551BEA2A26000EA5B3 /* TAAnimatedDotView.h */ = {isa = PBXFileReference; fileEncoding = 4; lastKnownFileType = sourcecode.c.h; name = TAAnimatedDotView.h; path = Framework/SDCycleScrollView/PageControl/TAAnimatedDotView.h; sourceTree = "<group>"; };
		C4847D561BEA2A26000EA5B3 /* TAAnimatedDotView.m */ = {isa = PBXFileReference; fileEncoding = 4; lastKnownFileType = sourcecode.c.objc; name = TAAnimatedDotView.m; path = Framework/SDCycleScrollView/PageControl/TAAnimatedDotView.m; sourceTree = "<group>"; };
		C4847D571BEA2A26000EA5B3 /* TADotView.h */ = {isa = PBXFileReference; fileEncoding = 4; lastKnownFileType = sourcecode.c.h; name = TADotView.h; path = Framework/SDCycleScrollView/PageControl/TADotView.h; sourceTree = "<group>"; };
		C4847D581BEA2A26000EA5B3 /* TADotView.m */ = {isa = PBXFileReference; fileEncoding = 4; lastKnownFileType = sourcecode.c.objc; name = TADotView.m; path = Framework/SDCycleScrollView/PageControl/TADotView.m; sourceTree = "<group>"; };
		C4847D591BEA2A26000EA5B3 /* TAPageControl.h */ = {isa = PBXFileReference; fileEncoding = 4; lastKnownFileType = sourcecode.c.h; name = TAPageControl.h; path = Framework/SDCycleScrollView/PageControl/TAPageControl.h; sourceTree = "<group>"; };
		C4847D5A1BEA2A26000EA5B3 /* TAPageControl.m */ = {isa = PBXFileReference; fileEncoding = 4; lastKnownFileType = sourcecode.c.objc; name = TAPageControl.m; path = Framework/SDCycleScrollView/PageControl/TAPageControl.m; sourceTree = "<group>"; };
		C4847D601BEA2A94000EA5B3 /* MSWeakTimer.h */ = {isa = PBXFileReference; fileEncoding = 4; lastKnownFileType = sourcecode.c.h; name = MSWeakTimer.h; path = Framework/MSWeakTimer/MSWeakTimer.h; sourceTree = "<group>"; };
		C4847D611BEA2A94000EA5B3 /* MSWeakTimer.m */ = {isa = PBXFileReference; fileEncoding = 4; lastKnownFileType = sourcecode.c.objc; name = MSWeakTimer.m; path = Framework/MSWeakTimer/MSWeakTimer.m; sourceTree = "<group>"; };
		C48D707B1BFF010C000DF7CA /* CAAnimation+Blocks.h */ = {isa = PBXFileReference; fileEncoding = 4; lastKnownFileType = sourcecode.c.h; name = "CAAnimation+Blocks.h"; path = "Framework/SCPullRefresh/CAAnimationBlocks/CAAnimation+Blocks.h"; sourceTree = "<group>"; };
		C48D707C1BFF010C000DF7CA /* CAAnimation+Blocks.m */ = {isa = PBXFileReference; fileEncoding = 4; lastKnownFileType = sourcecode.c.objc; name = "CAAnimation+Blocks.m"; path = "Framework/SCPullRefresh/CAAnimationBlocks/CAAnimation+Blocks.m"; sourceTree = "<group>"; };
		C48D707E1BFF0119000DF7CA /* SCBubbleRefreshView.h */ = {isa = PBXFileReference; fileEncoding = 4; lastKnownFileType = sourcecode.c.h; name = SCBubbleRefreshView.h; path = Framework/SCPullRefresh/SCBubbleRefreshView.h; sourceTree = "<group>"; };
		C48D707F1BFF0119000DF7CA /* SCBubbleRefreshView.m */ = {isa = PBXFileReference; fileEncoding = 4; lastKnownFileType = sourcecode.c.objc; name = SCBubbleRefreshView.m; path = Framework/SCPullRefresh/SCBubbleRefreshView.m; sourceTree = "<group>"; };
		C48D70801BFF0119000DF7CA /* SCCircularRefreshView.h */ = {isa = PBXFileReference; fileEncoding = 4; lastKnownFileType = sourcecode.c.h; name = SCCircularRefreshView.h; path = Framework/SCPullRefresh/SCCircularRefreshView.h; sourceTree = "<group>"; };
		C48D70811BFF0119000DF7CA /* SCCircularRefreshView.m */ = {isa = PBXFileReference; fileEncoding = 4; lastKnownFileType = sourcecode.c.objc; name = SCCircularRefreshView.m; path = Framework/SCPullRefresh/SCCircularRefreshView.m; sourceTree = "<group>"; };
		C48D70821BFF0119000DF7CA /* SCPullRefreshViewController.h */ = {isa = PBXFileReference; fileEncoding = 4; lastKnownFileType = sourcecode.c.h; name = SCPullRefreshViewController.h; path = Framework/SCPullRefresh/SCPullRefreshViewController.h; sourceTree = "<group>"; };
		C48D70831BFF0119000DF7CA /* SCPullRefreshViewController.m */ = {isa = PBXFileReference; fileEncoding = 4; lastKnownFileType = sourcecode.c.objc; name = SCPullRefreshViewController.m; path = Framework/SCPullRefresh/SCPullRefreshViewController.m; sourceTree = "<group>"; };
		C48D70871BFF0163000DF7CA /* StoryModel.h */ = {isa = PBXFileReference; fileEncoding = 4; lastKnownFileType = sourcecode.c.h; name = StoryModel.h; path = Model/StoryModel.h; sourceTree = "<group>"; };
		C48D70881BFF0163000DF7CA /* StoryModel.m */ = {isa = PBXFileReference; fileEncoding = 4; lastKnownFileType = sourcecode.c.objc; name = StoryModel.m; path = Model/StoryModel.m; sourceTree = "<group>"; };
		C48D70891BFF0163000DF7CA /* UserModel.h */ = {isa = PBXFileReference; fileEncoding = 4; lastKnownFileType = sourcecode.c.h; name = UserModel.h; path = Model/UserModel.h; sourceTree = "<group>"; };
		C48D708A1BFF0163000DF7CA /* UserModel.m */ = {isa = PBXFileReference; fileEncoding = 4; lastKnownFileType = sourcecode.c.objc; name = UserModel.m; path = Model/UserModel.m; sourceTree = "<group>"; };
		C48D708D1BFF019C000DF7CA /* LaunchViewController.h */ = {isa = PBXFileReference; fileEncoding = 4; lastKnownFileType = sourcecode.c.h; name = LaunchViewController.h; path = LaunchViewController/LaunchViewController.h; sourceTree = "<group>"; };
		C48D708E1BFF019C000DF7CA /* LaunchViewController.m */ = {isa = PBXFileReference; fileEncoding = 4; lastKnownFileType = sourcecode.c.objc; name = LaunchViewController.m; path = LaunchViewController/LaunchViewController.m; sourceTree = "<group>"; };
		C48D708F1BFF019C000DF7CA /* PaletteViewController.h */ = {isa = PBXFileReference; fileEncoding = 4; lastKnownFileType = sourcecode.c.h; name = PaletteViewController.h; path = LaunchViewController/PaletteViewController.h; sourceTree = "<group>"; };
		C48D70901BFF019C000DF7CA /* PaletteViewController.m */ = {isa = PBXFileReference; fileEncoding = 4; lastKnownFileType = sourcecode.c.objc; name = PaletteViewController.m; path = LaunchViewController/PaletteViewController.m; sourceTree = "<group>"; };
		C48D70931BFF01CC000DF7CA /* MainTableViewController.h */ = {isa = PBXFileReference; fileEncoding = 4; lastKnownFileType = sourcecode.c.h; name = MainTableViewController.h; path = MainTableViewController/MainTableViewController.h; sourceTree = "<group>"; };
		C48D70941BFF01CC000DF7CA /* MainTableViewController.m */ = {isa = PBXFileReference; fileEncoding = 4; lastKnownFileType = sourcecode.c.objc; name = MainTableViewController.m; path = MainTableViewController/MainTableViewController.m; sourceTree = "<group>"; };
		C48D70951BFF01CC000DF7CA /* TableContentViewCell.h */ = {isa = PBXFileReference; fileEncoding = 4; lastKnownFileType = sourcecode.c.h; name = TableContentViewCell.h; path = MainTableViewController/TableContentViewCell.h; sourceTree = "<group>"; };
		C48D70961BFF01CC000DF7CA /* TableContentViewCell.m */ = {isa = PBXFileReference; fileEncoding = 4; lastKnownFileType = sourcecode.c.objc; name = TableContentViewCell.m; path = MainTableViewController/TableContentViewCell.m; sourceTree = "<group>"; };
		C48D70971BFF01CC000DF7CA /* TableSeparatorViewCell.h */ = {isa = PBXFileReference; fileEncoding = 4; lastKnownFileType = sourcecode.c.h; name = TableSeparatorViewCell.h; path = MainTableViewController/TableSeparatorViewCell.h; sourceTree = "<group>"; };
		C48D70981BFF01CC000DF7CA /* TableSeparatorViewCell.m */ = {isa = PBXFileReference; fileEncoding = 4; lastKnownFileType = sourcecode.c.objc; name = TableSeparatorViewCell.m; path = MainTableViewController/TableSeparatorViewCell.m; sourceTree = "<group>"; };
		C48D709C1BFF0205000DF7CA /* ContentSideCell.h */ = {isa = PBXFileReference; fileEncoding = 4; lastKnownFileType = sourcecode.c.h; name = ContentSideCell.h; path = SideMenuViewController/ContentSideCell.h; sourceTree = "<group>"; };
		C48D709D1BFF0205000DF7CA /* ContentSideCell.m */ = {isa = PBXFileReference; fileEncoding = 4; lastKnownFileType = sourcecode.c.objc; name = ContentSideCell.m; path = SideMenuViewController/ContentSideCell.m; sourceTree = "<group>"; };
		C48D709E1BFF0205000DF7CA /* HomeSideCell.h */ = {isa = PBXFileReference; fileEncoding = 4; lastKnownFileType = sourcecode.c.h; name = HomeSideCell.h; path = SideMenuViewController/HomeSideCell.h; sourceTree = "<group>"; };
		C48D709F1BFF0205000DF7CA /* HomeSideCell.m */ = {isa = PBXFileReference; fileEncoding = 4; lastKnownFileType = sourcecode.c.objc; name = HomeSideCell.m; path = SideMenuViewController/HomeSideCell.m; sourceTree = "<group>"; };
		C48D70A01BFF0205000DF7CA /* SideMenuViewController.h */ = {isa = PBXFileReference; fileEncoding = 4; lastKnownFileType = sourcecode.c.h; name = SideMenuViewController.h; path = SideMenuViewController/SideMenuViewController.h; sourceTree = "<group>"; };
		C48D70A11BFF0205000DF7CA /* SideMenuViewController.m */ = {isa = PBXFileReference; fileEncoding = 4; lastKnownFileType = sourcecode.c.objc; name = SideMenuViewController.m; path = SideMenuViewController/SideMenuViewController.m; sourceTree = "<group>"; };
		C48D70A51BFF0229000DF7CA /* ThemeEditorTableViewCell.h */ = {isa = PBXFileReference; fileEncoding = 4; lastKnownFileType = sourcecode.c.h; name = ThemeEditorTableViewCell.h; path = ThemeViewController/ThemeEditorTableViewCell.h; sourceTree = "<group>"; };
		C48D70A61BFF0229000DF7CA /* ThemeEditorTableViewCell.m */ = {isa = PBXFileReference; fileEncoding = 4; lastKnownFileType = sourcecode.c.objc; name = ThemeEditorTableViewCell.m; path = ThemeViewController/ThemeEditorTableViewCell.m; sourceTree = "<group>"; };
		C48D70A71BFF0229000DF7CA /* ThemeTextTableViewCell.h */ = {isa = PBXFileReference; fileEncoding = 4; lastKnownFileType = sourcecode.c.h; name = ThemeTextTableViewCell.h; path = ThemeViewController/ThemeTextTableViewCell.h; sourceTree = "<group>"; };
		C48D70A81BFF0229000DF7CA /* ThemeTextTableViewCell.m */ = {isa = PBXFileReference; fileEncoding = 4; lastKnownFileType = sourcecode.c.objc; name = ThemeTextTableViewCell.m; path = ThemeViewController/ThemeTextTableViewCell.m; sourceTree = "<group>"; };
		C48D70A91BFF0229000DF7CA /* ThemeTextWithImageTableViewCell.h */ = {isa = PBXFileReference; fileEncoding = 4; lastKnownFileType = sourcecode.c.h; name = ThemeTextWithImageTableViewCell.h; path = ThemeViewController/ThemeTextWithImageTableViewCell.h; sourceTree = "<group>"; };
		C48D70AA1BFF0229000DF7CA /* ThemeTextWithImageTableViewCell.m */ = {isa = PBXFileReference; fileEncoding = 4; lastKnownFileType = sourcecode.c.objc; name = ThemeTextWithImageTableViewCell.m; path = ThemeViewController/ThemeTextWithImageTableViewCell.m; sourceTree = "<group>"; };
		C48D70AB1BFF0229000DF7CA /* ThemeViewController.h */ = {isa = PBXFileReference; fileEncoding = 4; lastKnownFileType = sourcecode.c.h; name = ThemeViewController.h; path = ThemeViewController/ThemeViewController.h; sourceTree = "<group>"; };
		C48D70AC1BFF0229000DF7CA /* ThemeViewController.m */ = {isa = PBXFileReference; fileEncoding = 4; lastKnownFileType = sourcecode.c.objc; name = ThemeViewController.m; path = ThemeViewController/ThemeViewController.m; sourceTree = "<group>"; };
		C48D70B11BFF0266000DF7CA /* DescriptionViewController.h */ = {isa = PBXFileReference; fileEncoding = 4; lastKnownFileType = sourcecode.c.h; name = DescriptionViewController.h; path = UserViewController/DescriptionViewController.h; sourceTree = "<group>"; };
		C48D70B21BFF0266000DF7CA /* DescriptionViewController.m */ = {isa = PBXFileReference; fileEncoding = 4; lastKnownFileType = sourcecode.c.objc; name = DescriptionViewController.m; path = UserViewController/DescriptionViewController.m; sourceTree = "<group>"; };
		C48D70B31BFF0266000DF7CA /* LoginViewController.h */ = {isa = PBXFileReference; fileEncoding = 4; lastKnownFileType = sourcecode.c.h; name = LoginViewController.h; path = UserViewController/LoginViewController.h; sourceTree = "<group>"; };
		C48D70B41BFF0266000DF7CA /* LoginViewController.m */ = {isa = PBXFileReference; fileEncoding = 4; lastKnownFileType = sourcecode.c.objc; name = LoginViewController.m; path = UserViewController/LoginViewController.m; sourceTree = "<group>"; };
		C48D70B51BFF0266000DF7CA /* UserInfoCell.h */ = {isa = PBXFileReference; fileEncoding = 4; lastKnownFileType = sourcecode.c.h; name = UserInfoCell.h; path = UserViewController/UserInfoCell.h; sourceTree = "<group>"; };
		C48D70B61BFF0266000DF7CA /* UserInfoCell.m */ = {isa = PBXFileReference; fileEncoding = 4; lastKnownFileType = sourcecode.c.objc; name = UserInfoCell.m; path = UserViewController/UserInfoCell.m; sourceTree = "<group>"; };
		C48D70B71BFF0266000DF7CA /* UserInfoViewController.h */ = {isa = PBXFileReference; fileEncoding = 4; lastKnownFileType = sourcecode.c.h; name = UserInfoViewController.h; path = UserViewController/UserInfoViewController.h; sourceTree = "<group>"; };
		C48D70B81BFF0266000DF7CA /* UserInfoViewController.m */ = {isa = PBXFileReference; fileEncoding = 4; lastKnownFileType = sourcecode.c.objc; name = UserInfoViewController.m; path = UserViewController/UserInfoViewController.m; sourceTree = "<group>"; };
		C48D70BD1BFF2BDA000DF7CA /* JMPullRefreshTableViewController.h */ = {isa = PBXFileReference; fileEncoding = 4; lastKnownFileType = sourcecode.c.h; name = JMPullRefreshTableViewController.h; path = Framework/SCPullRefresh/JMPullRefreshTableViewController.h; sourceTree = "<group>"; };
		C48D70BE1BFF2BDA000DF7CA /* JMPullRefreshTableViewController.m */ = {isa = PBXFileReference; fileEncoding = 4; lastKnownFileType = sourcecode.c.objc; name = JMPullRefreshTableViewController.m; path = Framework/SCPullRefresh/JMPullRefreshTableViewController.m; sourceTree = "<group>"; };
		C4C3C1071BE895C500AA1E73 /* 知乎日报.app */ = {isa = PBXFileReference; explicitFileType = wrapper.application; includeInIndex = 0; path = "知乎日报.app"; sourceTree = BUILT_PRODUCTS_DIR; };
		C4C3C10B1BE895C500AA1E73 /* main.m */ = {isa = PBXFileReference; lastKnownFileType = sourcecode.c.objc; path = main.m; sourceTree = "<group>"; };
		C4C3C10D1BE895C500AA1E73 /* AppDelegate.h */ = {isa = PBXFileReference; lastKnownFileType = sourcecode.c.h; path = AppDelegate.h; sourceTree = "<group>"; };
		C4C3C10E1BE895C500AA1E73 /* AppDelegate.m */ = {isa = PBXFileReference; lastKnownFileType = sourcecode.c.objc; path = AppDelegate.m; sourceTree = "<group>"; };
		C4C3C1141BE895C500AA1E73 /* Base */ = {isa = PBXFileReference; lastKnownFileType = file.storyboard; name = Base; path = Base.lproj/Main.storyboard; sourceTree = "<group>"; };
		C4C3C1191BE895C500AA1E73 /* Base */ = {isa = PBXFileReference; lastKnownFileType = file.storyboard; name = Base; path = Base.lproj/LaunchScreen.storyboard; sourceTree = "<group>"; };
		C4C3C11B1BE895C500AA1E73 /* Info.plist */ = {isa = PBXFileReference; lastKnownFileType = text.plist.xml; path = Info.plist; sourceTree = "<group>"; };
		C4C3C13E1BE9C71400AA1E73 /* SWRevealViewController.h */ = {isa = PBXFileReference; fileEncoding = 4; lastKnownFileType = sourcecode.c.h; name = SWRevealViewController.h; path = Framework/SWRevealViewController/SWRevealViewController.h; sourceTree = "<group>"; };
		C4C3C13F1BE9C71400AA1E73 /* SWRevealViewController.m */ = {isa = PBXFileReference; fileEncoding = 4; lastKnownFileType = sourcecode.c.objc; name = SWRevealViewController.m; path = Framework/SWRevealViewController/SWRevealViewController.m; sourceTree = "<group>"; };
		C4C3C14C1BE9CF2000AA1E73 /* myUILabel.h */ = {isa = PBXFileReference; fileEncoding = 4; lastKnownFileType = sourcecode.c.h; name = myUILabel.h; path = Framework/myUILabel/myUILabel.h; sourceTree = "<group>"; };
		C4C3C14D1BE9CF2000AA1E73 /* myUILabel.m */ = {isa = PBXFileReference; fileEncoding = 4; lastKnownFileType = sourcecode.c.objc; name = myUILabel.m; path = Framework/myUILabel/myUILabel.m; sourceTree = "<group>"; };
		C4F15D3A1BEF443400108D55 /* WebViewController.h */ = {isa = PBXFileReference; fileEncoding = 4; lastKnownFileType = sourcecode.c.h; path = WebViewController.h; sourceTree = "<group>"; };
		C4F15D3B1BEF443400108D55 /* WebViewController.m */ = {isa = PBXFileReference; fileEncoding = 4; lastKnownFileType = sourcecode.c.objc; path = WebViewController.m; sourceTree = "<group>"; };
		F82AE5FCC6A14ACED8A12F38 /* Pods-JMZhihuDaily.release.xcconfig */ = {isa = PBXFileReference; includeInIndex = 1; lastKnownFileType = text.xcconfig; name = "Pods-JMZhihuDaily.release.xcconfig"; path = "Pods/Target Support Files/Pods-JMZhihuDaily/Pods-JMZhihuDaily.release.xcconfig"; sourceTree = "<group>"; };
/* End PBXFileReference section */

/* Begin PBXFrameworksBuildPhase section */
		C4C3C1041BE895C500AA1E73 /* Frameworks */ = {
			isa = PBXFrameworksBuildPhase;
			buildActionMask = 2147483647;
			files = (
				AD11BEF0BDF8D31F7EF3FAA1 /* libPods-JMZhihuDaily.a in Frameworks */,
			);
			runOnlyForDeploymentPostprocessing = 0;
		};
/* End PBXFrameworksBuildPhase section */

/* Begin PBXGroup section */
		680B0B5510DF12344934B0D0 /* Pods */ = {
			isa = PBXGroup;
			children = (
				68AAB5CB82B9C0937B5FB9AA /* Pods-JMZhihuDaily.debug.xcconfig */,
				F82AE5FCC6A14ACED8A12F38 /* Pods-JMZhihuDaily.release.xcconfig */,
			);
			name = Pods;
			sourceTree = "<group>";
		};
		C4037CB21BF7241B003D112B /* UserViewController */ = {
			isa = PBXGroup;
			children = (
				C48D70B31BFF0266000DF7CA /* LoginViewController.h */,
				C48D70B41BFF0266000DF7CA /* LoginViewController.m */,
				C48D70B71BFF0266000DF7CA /* UserInfoViewController.h */,
				C48D70B81BFF0266000DF7CA /* UserInfoViewController.m */,
				C48D70B51BFF0266000DF7CA /* UserInfoCell.h */,
				C48D70B61BFF0266000DF7CA /* UserInfoCell.m */,
				C48D70B11BFF0266000DF7CA /* DescriptionViewController.h */,
				C48D70B21BFF0266000DF7CA /* DescriptionViewController.m */,
			);
			name = UserViewController;
			sourceTree = "<group>";
		};
		C4045B0E1BFD71D200196582 /* DACircularProgress */ = {
			isa = PBXGroup;
			children = (
				C4045B8C1BFDEE1200196582 /* DACircularProgressView.h */,
				C4045B8D1BFDEE1200196582 /* DACircularProgressView.m */,
			);
			name = DACircularProgress;
			sourceTree = "<group>";
		};
		C4058A7B1BE9D4F200FCD01C /* SideViewController */ = {
			isa = PBXGroup;
			children = (
				C48D70A01BFF0205000DF7CA /* SideMenuViewController.h */,
				C48D70A11BFF0205000DF7CA /* SideMenuViewController.m */,
				C48D709C1BFF0205000DF7CA /* ContentSideCell.h */,
				C48D709D1BFF0205000DF7CA /* ContentSideCell.m */,
				C48D709E1BFF0205000DF7CA /* HomeSideCell.h */,
				C48D709F1BFF0205000DF7CA /* HomeSideCell.m */,
			);
			name = SideViewController;
			sourceTree = "<group>";
		};
		C40605961BEB7937009A0DBA /* ThemeViewController */ = {
			isa = PBXGroup;
			children = (
				C48D70AB1BFF0229000DF7CA /* ThemeViewController.h */,
				C48D70AC1BFF0229000DF7CA /* ThemeViewController.m */,
				C48D70A51BFF0229000DF7CA /* ThemeEditorTableViewCell.h */,
				C48D70A61BFF0229000DF7CA /* ThemeEditorTableViewCell.m */,
				C48D70A71BFF0229000DF7CA /* ThemeTextTableViewCell.h */,
				C48D70A81BFF0229000DF7CA /* ThemeTextTableViewCell.m */,
				C48D70A91BFF0229000DF7CA /* ThemeTextWithImageTableViewCell.h */,
				C48D70AA1BFF0229000DF7CA /* ThemeTextWithImageTableViewCell.m */,
			);
			name = ThemeViewController;
			sourceTree = "<group>";
		};
		C4847D2B1BEA24E7000EA5B3 /* AwsomeNavigationBar */ = {
			isa = PBXGroup;
			children = (
				C4847D2C1BEA250F000EA5B3 /* UINavigationBar+Awesome.h */,
				C4847D2D1BEA250F000EA5B3 /* UINavigationBar+Awesome.m */,
			);
			name = AwsomeNavigationBar;
			sourceTree = "<group>";
		};
		C4847D321BEA28E3000EA5B3 /* JSAnimatedImagesView */ = {
			isa = PBXGroup;
			children = (
				C4847D5F1BEA2A7B000EA5B3 /* MSWeakTimer */,
				C4847D2F1BEA28D1000EA5B3 /* JSAnimatedImagesView.h */,
				C4847D301BEA28D1000EA5B3 /* JSAnimatedImagesView.m */,
			);
			name = JSAnimatedImagesView;
			sourceTree = "<group>";
		};
		C4847D331BEA2904000EA5B3 /* ZFModelTransition */ = {
			isa = PBXGroup;
			children = (
				C4847D341BEA291C000EA5B3 /* ZFModalTransitionAnimator.h */,
				C4847D351BEA291C000EA5B3 /* ZFModalTransitionAnimator.m */,
			);
			name = ZFModelTransition;
			sourceTree = "<group>";
		};
		C4847D371BEA2920000EA5B3 /* AeroEffect */ = {
			isa = PBXGroup;
			children = (
				C4847D381BEA2934000EA5B3 /* UIImage+ImageEffects.h */,
				C4847D391BEA2934000EA5B3 /* UIImage+ImageEffects.m */,
			);
			name = AeroEffect;
			sourceTree = "<group>";
		};
		C4847D3B1BEA2938000EA5B3 /* ParallaxHeaderView */ = {
			isa = PBXGroup;
			children = (
				C4847D3C1BEA2964000EA5B3 /* ParallaxHeaderView.h */,
				C4847D3D1BEA2964000EA5B3 /* ParallaxHeaderView.m */,
			);
			name = ParallaxHeaderView;
			sourceTree = "<group>";
		};
		C4847D3F1BEA2970000EA5B3 /* SDCycleScrollView */ = {
			isa = PBXGroup;
			children = (
				C4847D401BEA297E000EA5B3 /* NSData+SDDataCache.h */,
				C4847D411BEA297E000EA5B3 /* NSData+SDDataCache.m */,
				C4847D521BEA2A18000EA5B3 /* PageControl */,
				C4847D431BEA297E000EA5B3 /* SDCollectionViewCell.h */,
				C4847D441BEA297E000EA5B3 /* SDCollectionViewCell.m */,
				C4847D451BEA297E000EA5B3 /* SDCycleScrollView.h */,
				C4847D461BEA297E000EA5B3 /* SDCycleScrollView.m */,
				C4847D471BEA297E000EA5B3 /* UIView+SDExtension.h */,
				C4847D481BEA297E000EA5B3 /* UIView+SDExtension.m */,
			);
			name = SDCycleScrollView;
			sourceTree = "<group>";
		};
		C4847D4E1BEA299F000EA5B3 /* GradientView */ = {
			isa = PBXGroup;
			children = (
				C4847D4F1BEA29A8000EA5B3 /* GradientView.h */,
				C4847D501BEA29A8000EA5B3 /* GradientView.m */,
			);
			name = GradientView;
			sourceTree = "<group>";
		};
		C4847D521BEA2A18000EA5B3 /* PageControl */ = {
			isa = PBXGroup;
			children = (
				C4847D531BEA2A26000EA5B3 /* TAAbstractDotView.h */,
				C4847D541BEA2A26000EA5B3 /* TAAbstractDotView.m */,
				C4847D551BEA2A26000EA5B3 /* TAAnimatedDotView.h */,
				C4847D561BEA2A26000EA5B3 /* TAAnimatedDotView.m */,
				C4847D571BEA2A26000EA5B3 /* TADotView.h */,
				C4847D581BEA2A26000EA5B3 /* TADotView.m */,
				C4847D591BEA2A26000EA5B3 /* TAPageControl.h */,
				C4847D5A1BEA2A26000EA5B3 /* TAPageControl.m */,
			);
			name = PageControl;
			sourceTree = "<group>";
		};
		C4847D5F1BEA2A7B000EA5B3 /* MSWeakTimer */ = {
			isa = PBXGroup;
			children = (
				C4847D601BEA2A94000EA5B3 /* MSWeakTimer.h */,
				C4847D611BEA2A94000EA5B3 /* MSWeakTimer.m */,
			);
			name = MSWeakTimer;
			sourceTree = "<group>";
		};
		C48D70791BFF0047000DF7CA /* SCPullRefresh */ = {
			isa = PBXGroup;
			children = (
				C48D707A1BFF0101000DF7CA /* CAAnimationBlocks */,
				C48D707E1BFF0119000DF7CA /* SCBubbleRefreshView.h */,
				C48D707F1BFF0119000DF7CA /* SCBubbleRefreshView.m */,
				C48D70801BFF0119000DF7CA /* SCCircularRefreshView.h */,
				C48D70811BFF0119000DF7CA /* SCCircularRefreshView.m */,
				C48D70821BFF0119000DF7CA /* SCPullRefreshViewController.h */,
				C48D70831BFF0119000DF7CA /* SCPullRefreshViewController.m */,
				C48D70BD1BFF2BDA000DF7CA /* JMPullRefreshTableViewController.h */,
				C48D70BE1BFF2BDA000DF7CA /* JMPullRefreshTableViewController.m */,
			);
			name = SCPullRefresh;
			sourceTree = "<group>";
		};
		C48D707A1BFF0101000DF7CA /* CAAnimationBlocks */ = {
			isa = PBXGroup;
			children = (
				C48D707B1BFF010C000DF7CA /* CAAnimation+Blocks.h */,
				C48D707C1BFF010C000DF7CA /* CAAnimation+Blocks.m */,
			);
			name = CAAnimationBlocks;
			sourceTree = "<group>";
		};
		C4C3C0FE1BE895C500AA1E73 = {
			isa = PBXGroup;
			children = (
				C4058A821BE9E62F00FCD01C /* PrefixHeader.pch */,
				C4C3C1091BE895C500AA1E73 /* JMZhihuDaily */,
				C4C3C1081BE895C500AA1E73 /* Products */,
				680B0B5510DF12344934B0D0 /* Pods */,
				CE02BEBD9FAFC6BE8B49A45B /* Frameworks */,
			);
			sourceTree = "<group>";
		};
		C4C3C1081BE895C500AA1E73 /* Products */ = {
			isa = PBXGroup;
			children = (
				C4C3C1071BE895C500AA1E73 /* 知乎日报.app */,
			);
			name = Products;
			sourceTree = "<group>";
		};
		C4C3C1091BE895C500AA1E73 /* JMZhihuDaily */ = {
			isa = PBXGroup;
			children = (
				C4C3C10D1BE895C500AA1E73 /* AppDelegate.h */,
				C4C3C10E1BE895C500AA1E73 /* AppDelegate.m */,
				C4F15D3A1BEF443400108D55 /* WebViewController.h */,
				C4F15D3B1BEF443400108D55 /* WebViewController.m */,
				C4C3C1271BE8A91900AA1E73 /* Model */,
				C4F15D331BEEE05600108D55 /* LaunchViewController */,
				C4C3C14A1BE9CE0A00AA1E73 /* MainTableViewController */,
				C4058A7B1BE9D4F200FCD01C /* SideViewController */,
				C40605961BEB7937009A0DBA /* ThemeViewController */,
				C4037CB21BF7241B003D112B /* UserViewController */,
				C4C3C1371BE9A87100AA1E73 /* Framework */,
				C4C3C1131BE895C500AA1E73 /* Main.storyboard */,
				C4C3C1181BE895C500AA1E73 /* LaunchScreen.storyboard */,
				C4C3C11B1BE895C500AA1E73 /* Info.plist */,
				C4037CAD1BF6B984003D112B /* Assets.xcassets */,
				C4C3C10A1BE895C500AA1E73 /* Supporting Files */,
			);
			path = JMZhihuDaily;
			sourceTree = "<group>";
		};
		C4C3C10A1BE895C500AA1E73 /* Supporting Files */ = {
			isa = PBXGroup;
			children = (
				C4C3C10B1BE895C500AA1E73 /* main.m */,
			);
			name = "Supporting Files";
			sourceTree = "<group>";
		};
		C4C3C1271BE8A91900AA1E73 /* Model */ = {
			isa = PBXGroup;
			children = (
				C48D70871BFF0163000DF7CA /* StoryModel.h */,
				C48D70881BFF0163000DF7CA /* StoryModel.m */,
				C48D70891BFF0163000DF7CA /* UserModel.h */,
				C48D708A1BFF0163000DF7CA /* UserModel.m */,
			);
			name = Model;
			sourceTree = "<group>";
		};
		C4C3C1371BE9A87100AA1E73 /* Framework */ = {
			isa = PBXGroup;
			children = (
				C48D70791BFF0047000DF7CA /* SCPullRefresh */,
				C4045B0E1BFD71D200196582 /* DACircularProgress */,
				C4847D4E1BEA299F000EA5B3 /* GradientView */,
				C4847D3F1BEA2970000EA5B3 /* SDCycleScrollView */,
				C4847D3B1BEA2938000EA5B3 /* ParallaxHeaderView */,
				C4847D331BEA2904000EA5B3 /* ZFModelTransition */,
				C4847D371BEA2920000EA5B3 /* AeroEffect */,
				C4847D321BEA28E3000EA5B3 /* JSAnimatedImagesView */,
				C4847D2B1BEA24E7000EA5B3 /* AwsomeNavigationBar */,
				C4C3C14B1BE9CF1000AA1E73 /* MyUILabel */,
				C4C3C13D1BE9C6F700AA1E73 /* SWRevealViewController */,
			);
			name = Framework;
			sourceTree = "<group>";
		};
		C4C3C13D1BE9C6F700AA1E73 /* SWRevealViewController */ = {
			isa = PBXGroup;
			children = (
				C4C3C13E1BE9C71400AA1E73 /* SWRevealViewController.h */,
				C4C3C13F1BE9C71400AA1E73 /* SWRevealViewController.m */,
			);
			name = SWRevealViewController;
			sourceTree = "<group>";
		};
		C4C3C14A1BE9CE0A00AA1E73 /* MainTableViewController */ = {
			isa = PBXGroup;
			children = (
				C48D70931BFF01CC000DF7CA /* MainTableViewController.h */,
				C48D70941BFF01CC000DF7CA /* MainTableViewController.m */,
				C48D70951BFF01CC000DF7CA /* TableContentViewCell.h */,
				C48D70961BFF01CC000DF7CA /* TableContentViewCell.m */,
				C48D70971BFF01CC000DF7CA /* TableSeparatorViewCell.h */,
				C48D70981BFF01CC000DF7CA /* TableSeparatorViewCell.m */,
			);
			name = MainTableViewController;
			sourceTree = "<group>";
		};
		C4C3C14B1BE9CF1000AA1E73 /* MyUILabel */ = {
			isa = PBXGroup;
			children = (
				C4C3C14C1BE9CF2000AA1E73 /* myUILabel.h */,
				C4C3C14D1BE9CF2000AA1E73 /* myUILabel.m */,
			);
			name = MyUILabel;
			sourceTree = "<group>";
		};
		C4F15D331BEEE05600108D55 /* LaunchViewController */ = {
			isa = PBXGroup;
			children = (
				C48D708D1BFF019C000DF7CA /* LaunchViewController.h */,
				C48D708E1BFF019C000DF7CA /* LaunchViewController.m */,
				C48D708F1BFF019C000DF7CA /* PaletteViewController.h */,
				C48D70901BFF019C000DF7CA /* PaletteViewController.m */,
			);
			name = LaunchViewController;
			sourceTree = "<group>";
		};
		CE02BEBD9FAFC6BE8B49A45B /* Frameworks */ = {
			isa = PBXGroup;
			children = (
				5688F39C562A66E2926245DD /* libPods-JMZhihuDaily.a */,
			);
			name = Frameworks;
			sourceTree = "<group>";
		};
/* End PBXGroup section */

/* Begin PBXNativeTarget section */
		C4C3C1061BE895C500AA1E73 /* JMZhihuDaily */ = {
			isa = PBXNativeTarget;
			buildConfigurationList = C4C3C11E1BE895C500AA1E73 /* Build configuration list for PBXNativeTarget "JMZhihuDaily" */;
			buildPhases = (
				46CF3850A28345B93417179B /* Check Pods Manifest.lock */,
				C4C3C1031BE895C500AA1E73 /* Sources */,
				C4C3C1041BE895C500AA1E73 /* Frameworks */,
				C4C3C1051BE895C500AA1E73 /* Resources */,
				FBF9F2010B3D2B746DED1124 /* Copy Pods Resources */,
			);
			buildRules = (
			);
			dependencies = (
			);
			name = JMZhihuDaily;
			productName = JMZhihuDaily;
			productReference = C4C3C1071BE895C500AA1E73 /* 知乎日报.app */;
			productType = "com.apple.product-type.application";
		};
/* End PBXNativeTarget section */

/* Begin PBXProject section */
		C4C3C0FF1BE895C500AA1E73 /* Project object */ = {
			isa = PBXProject;
			attributes = {
				LastUpgradeCheck = 0710;
				ORGANIZATIONNAME = JackMa;
				TargetAttributes = {
					C4C3C1061BE895C500AA1E73 = {
						CreatedOnToolsVersion = 7.1;
						DevelopmentTeam = 2658KK4JZ7;
					};
				};
			};
			buildConfigurationList = C4C3C1021BE895C500AA1E73 /* Build configuration list for PBXProject "JMZhihuDaily" */;
			compatibilityVersion = "Xcode 3.2";
			developmentRegion = English;
			hasScannedForEncodings = 0;
			knownRegions = (
				en,
				Base,
			);
			mainGroup = C4C3C0FE1BE895C500AA1E73;
			productRefGroup = C4C3C1081BE895C500AA1E73 /* Products */;
			projectDirPath = "";
			projectRoot = "";
			targets = (
				C4C3C1061BE895C500AA1E73 /* JMZhihuDaily */,
			);
		};
/* End PBXProject section */

/* Begin PBXResourcesBuildPhase section */
		C4C3C1051BE895C500AA1E73 /* Resources */ = {
			isa = PBXResourcesBuildPhase;
			buildActionMask = 2147483647;
			files = (
				C4C3C11A1BE895C500AA1E73 /* LaunchScreen.storyboard in Resources */,
				C4037CAE1BF6B984003D112B /* Assets.xcassets in Resources */,
				C4C3C1151BE895C500AA1E73 /* Main.storyboard in Resources */,
			);
			runOnlyForDeploymentPostprocessing = 0;
		};
/* End PBXResourcesBuildPhase section */

/* Begin PBXShellScriptBuildPhase section */
		46CF3850A28345B93417179B /* Check Pods Manifest.lock */ = {
			isa = PBXShellScriptBuildPhase;
			buildActionMask = 2147483647;
			files = (
			);
			inputPaths = (
			);
			name = "Check Pods Manifest.lock";
			outputPaths = (
			);
			runOnlyForDeploymentPostprocessing = 0;
			shellPath = /bin/sh;
			shellScript = "diff \"${PODS_ROOT}/../Podfile.lock\" \"${PODS_ROOT}/Manifest.lock\" > /dev/null\nif [[ $? != 0 ]] ; then\n    cat << EOM\nerror: The sandbox is not in sync with the Podfile.lock. Run 'pod install' or update your CocoaPods installation.\nEOM\n    exit 1\nfi\n";
			showEnvVarsInLog = 0;
		};
		FBF9F2010B3D2B746DED1124 /* Copy Pods Resources */ = {
			isa = PBXShellScriptBuildPhase;
			buildActionMask = 2147483647;
			files = (
			);
			inputPaths = (
			);
			name = "Copy Pods Resources";
			outputPaths = (
			);
			runOnlyForDeploymentPostprocessing = 0;
			shellPath = /bin/sh;
			shellScript = "\"${SRCROOT}/Pods/Target Support Files/Pods-JMZhihuDaily/Pods-JMZhihuDaily-resources.sh\"\n";
			showEnvVarsInLog = 0;
		};
/* End PBXShellScriptBuildPhase section */

/* Begin PBXSourcesBuildPhase section */
		C4C3C1031BE895C500AA1E73 /* Sources */ = {
			isa = PBXSourcesBuildPhase;
			buildActionMask = 2147483647;
			files = (
				C48D70991BFF01CC000DF7CA /* MainTableViewController.m in Sources */,
				C4847D361BEA291C000EA5B3 /* ZFModalTransitionAnimator.m in Sources */,
				C48D70A31BFF0205000DF7CA /* HomeSideCell.m in Sources */,
				C48D70861BFF0119000DF7CA /* SCPullRefreshViewController.m in Sources */,
				C4847D4B1BEA297E000EA5B3 /* SDCollectionViewCell.m in Sources */,
				C48D70B91BFF0266000DF7CA /* DescriptionViewController.m in Sources */,
				C4045B8E1BFDEE1200196582 /* DACircularProgressView.m in Sources */,
				C48D70BF1BFF2BDA000DF7CA /* JMPullRefreshTableViewController.m in Sources */,
				C48D70AE1BFF0229000DF7CA /* ThemeTextTableViewCell.m in Sources */,
				C48D70BC1BFF0266000DF7CA /* UserInfoViewController.m in Sources */,
				C48D70BB1BFF0266000DF7CA /* UserInfoCell.m in Sources */,
				C4847D621BEA2A94000EA5B3 /* MSWeakTimer.m in Sources */,
				C4847D311BEA28D1000EA5B3 /* JSAnimatedImagesView.m in Sources */,
				C4847D5B1BEA2A26000EA5B3 /* TAAbstractDotView.m in Sources */,
				C48D70B01BFF0229000DF7CA /* ThemeViewController.m in Sources */,
				C48D70A21BFF0205000DF7CA /* ContentSideCell.m in Sources */,
				C48D70BA1BFF0266000DF7CA /* LoginViewController.m in Sources */,
				C4C3C10F1BE895C500AA1E73 /* AppDelegate.m in Sources */,
				C4847D4C1BEA297E000EA5B3 /* SDCycleScrollView.m in Sources */,
				C4847D2E1BEA250F000EA5B3 /* UINavigationBar+Awesome.m in Sources */,
				C4F15D3C1BEF443400108D55 /* WebViewController.m in Sources */,
				C48D709B1BFF01CC000DF7CA /* TableSeparatorViewCell.m in Sources */,
				C48D70841BFF0119000DF7CA /* SCBubbleRefreshView.m in Sources */,
				C4847D511BEA29A8000EA5B3 /* GradientView.m in Sources */,
				C48D70AF1BFF0229000DF7CA /* ThemeTextWithImageTableViewCell.m in Sources */,
				C4C3C1401BE9C71400AA1E73 /* SWRevealViewController.m in Sources */,
				C4847D491BEA297E000EA5B3 /* NSData+SDDataCache.m in Sources */,
				C48D708C1BFF0163000DF7CA /* UserModel.m in Sources */,
				C4C3C10C1BE895C500AA1E73 /* main.m in Sources */,
				C4C3C14E1BE9CF2000AA1E73 /* myUILabel.m in Sources */,
				C4847D3E1BEA2964000EA5B3 /* ParallaxHeaderView.m in Sources */,
				C48D70A41BFF0205000DF7CA /* SideMenuViewController.m in Sources */,
				C48D70AD1BFF0229000DF7CA /* ThemeEditorTableViewCell.m in Sources */,
				C48D70851BFF0119000DF7CA /* SCCircularRefreshView.m in Sources */,
				C4847D4D1BEA297E000EA5B3 /* UIView+SDExtension.m in Sources */,
				C4847D5D1BEA2A26000EA5B3 /* TADotView.m in Sources */,
				C4847D5E1BEA2A26000EA5B3 /* TAPageControl.m in Sources */,
				C4847D3A1BEA2934000EA5B3 /* UIImage+ImageEffects.m in Sources */,
				C48D709A1BFF01CC000DF7CA /* TableContentViewCell.m in Sources */,
				C48D707D1BFF010C000DF7CA /* CAAnimation+Blocks.m in Sources */,
				C48D70921BFF019C000DF7CA /* PaletteViewController.m in Sources */,
				C4847D5C1BEA2A26000EA5B3 /* TAAnimatedDotView.m in Sources */,
				C48D708B1BFF0163000DF7CA /* StoryModel.m in Sources */,
				C48D70911BFF019C000DF7CA /* LaunchViewController.m in Sources */,
			);
			runOnlyForDeploymentPostprocessing = 0;
		};
/* End PBXSourcesBuildPhase section */

/* Begin PBXVariantGroup section */
		C4C3C1131BE895C500AA1E73 /* Main.storyboard */ = {
			isa = PBXVariantGroup;
			children = (
				C4C3C1141BE895C500AA1E73 /* Base */,
			);
			name = Main.storyboard;
			sourceTree = "<group>";
		};
		C4C3C1181BE895C500AA1E73 /* LaunchScreen.storyboard */ = {
			isa = PBXVariantGroup;
			children = (
				C4C3C1191BE895C500AA1E73 /* Base */,
			);
			name = LaunchScreen.storyboard;
			sourceTree = "<group>";
		};
/* End PBXVariantGroup section */

/* Begin XCBuildConfiguration section */
		C4C3C11C1BE895C500AA1E73 /* Debug */ = {
			isa = XCBuildConfiguration;
			buildSettings = {
				ALWAYS_SEARCH_USER_PATHS = NO;
				CLANG_CXX_LANGUAGE_STANDARD = "gnu++0x";
				CLANG_CXX_LIBRARY = "libc++";
				CLANG_ENABLE_MODULES = YES;
				CLANG_ENABLE_OBJC_ARC = YES;
				CLANG_WARN_BOOL_CONVERSION = YES;
				CLANG_WARN_CONSTANT_CONVERSION = YES;
				CLANG_WARN_DIRECT_OBJC_ISA_USAGE = YES_ERROR;
				CLANG_WARN_EMPTY_BODY = YES;
				CLANG_WARN_ENUM_CONVERSION = YES;
				CLANG_WARN_INT_CONVERSION = YES;
				CLANG_WARN_OBJC_ROOT_CLASS = YES_ERROR;
				CLANG_WARN_UNREACHABLE_CODE = YES;
				CLANG_WARN__DUPLICATE_METHOD_MATCH = YES;
				"CODE_SIGN_IDENTITY[sdk=iphoneos*]" = "iPhone Developer";
				COPY_PHASE_STRIP = NO;
				DEBUG_INFORMATION_FORMAT = dwarf;
				ENABLE_STRICT_OBJC_MSGSEND = YES;
				ENABLE_TESTABILITY = YES;
				GCC_C_LANGUAGE_STANDARD = gnu99;
				GCC_DYNAMIC_NO_PIC = NO;
				GCC_NO_COMMON_BLOCKS = YES;
				GCC_OPTIMIZATION_LEVEL = 0;
				GCC_PREPROCESSOR_DEFINITIONS = (
					"DEBUG=1",
					"$(inherited)",
				);
				GCC_WARN_64_TO_32_BIT_CONVERSION = YES;
				GCC_WARN_ABOUT_RETURN_TYPE = YES_ERROR;
				GCC_WARN_UNDECLARED_SELECTOR = YES;
				GCC_WARN_UNINITIALIZED_AUTOS = YES_AGGRESSIVE;
				GCC_WARN_UNUSED_FUNCTION = YES;
				GCC_WARN_UNUSED_VARIABLE = YES;
				IPHONEOS_DEPLOYMENT_TARGET = 9.1;
				MTL_ENABLE_DEBUG_INFO = YES;
				ONLY_ACTIVE_ARCH = YES;
				OTHER_LDFLAGS = (
					"-ObjC",
					"-all_load",
				);
				SDKROOT = iphoneos;
			};
			name = Debug;
		};
		C4C3C11D1BE895C500AA1E73 /* Release */ = {
			isa = XCBuildConfiguration;
			buildSettings = {
				ALWAYS_SEARCH_USER_PATHS = NO;
				CLANG_CXX_LANGUAGE_STANDARD = "gnu++0x";
				CLANG_CXX_LIBRARY = "libc++";
				CLANG_ENABLE_MODULES = YES;
				CLANG_ENABLE_OBJC_ARC = YES;
				CLANG_WARN_BOOL_CONVERSION = YES;
				CLANG_WARN_CONSTANT_CONVERSION = YES;
				CLANG_WARN_DIRECT_OBJC_ISA_USAGE = YES_ERROR;
				CLANG_WARN_EMPTY_BODY = YES;
				CLANG_WARN_ENUM_CONVERSION = YES;
				CLANG_WARN_INT_CONVERSION = YES;
				CLANG_WARN_OBJC_ROOT_CLASS = YES_ERROR;
				CLANG_WARN_UNREACHABLE_CODE = YES;
				CLANG_WARN__DUPLICATE_METHOD_MATCH = YES;
				"CODE_SIGN_IDENTITY[sdk=iphoneos*]" = "iPhone Developer";
				COPY_PHASE_STRIP = NO;
				DEBUG_INFORMATION_FORMAT = "dwarf-with-dsym";
				ENABLE_NS_ASSERTIONS = NO;
				ENABLE_STRICT_OBJC_MSGSEND = YES;
				GCC_C_LANGUAGE_STANDARD = gnu99;
				GCC_NO_COMMON_BLOCKS = YES;
				GCC_WARN_64_TO_32_BIT_CONVERSION = YES;
				GCC_WARN_ABOUT_RETURN_TYPE = YES_ERROR;
				GCC_WARN_UNDECLARED_SELECTOR = YES;
				GCC_WARN_UNINITIALIZED_AUTOS = YES_AGGRESSIVE;
				GCC_WARN_UNUSED_FUNCTION = YES;
				GCC_WARN_UNUSED_VARIABLE = YES;
				IPHONEOS_DEPLOYMENT_TARGET = 9.1;
				MTL_ENABLE_DEBUG_INFO = NO;
				OTHER_LDFLAGS = (
					"-ObjC",
					"-all_load",
				);
				SDKROOT = iphoneos;
				VALIDATE_PRODUCT = YES;
			};
			name = Release;
		};
		C4C3C11F1BE895C500AA1E73 /* Debug */ = {
			isa = XCBuildConfiguration;
			baseConfigurationReference = 68AAB5CB82B9C0937B5FB9AA /* Pods-JMZhihuDaily.debug.xcconfig */;
			buildSettings = {
				ASSETCATALOG_COMPILER_APPICON_NAME = AppIcon;
				GCC_PRECOMPILE_PREFIX_HEADER = YES;
				GCC_PREFIX_HEADER = /Users/JackMa/Desktop/oc_test/JMZhihuDaily/JMZhihuDaily/PrefixHeader.pch;
				INFOPLIST_FILE = JMZhihuDaily/Info.plist;
				LD_RUNPATH_SEARCH_PATHS = "$(inherited) @executable_path/Frameworks";
				OTHER_LDFLAGS = (
					"$(inherited)",
					"-ObjC",
					"-l\"AFNetworking\"",
					"-l\"AVOSCloud\"",
					"-l\"FrameAccessor\"",
					"-l\"SDWebImage\"",
					"-l\"icucore\"",
					"-l\"sqlite3\"",
					"-l\"z\"",
					"-framework",
					"\"CFNetwork\"",
					"-framework",
					"\"CoreGraphics\"",
					"-framework",
					"\"CoreLocation\"",
					"-framework",
					"\"CoreTelephony\"",
					"-framework",
					"\"ImageIO\"",
					"-framework",
					"\"MobileCoreServices\"",
					"-framework",
					"\"QuartzCore\"",
					"-framework",
					"\"Security\"",
					"-framework",
					"\"SystemConfiguration\"",
					"-ObjC",
					"-all_load",
				);
				PRODUCT_BUNDLE_IDENTIFIER = qq100858433.JMZhihuDaily;
				PRODUCT_NAME = "知乎日报";
			};
			name = Debug;
		};
		C4C3C1201BE895C500AA1E73 /* Release */ = {
			isa = XCBuildConfiguration;
			baseConfigurationReference = F82AE5FCC6A14ACED8A12F38 /* Pods-JMZhihuDaily.release.xcconfig */;
			buildSettings = {
				ASSETCATALOG_COMPILER_APPICON_NAME = AppIcon;
				GCC_PRECOMPILE_PREFIX_HEADER = YES;
				GCC_PREFIX_HEADER = /Users/JackMa/Desktop/oc_test/JMZhihuDaily/JMZhihuDaily/PrefixHeader.pch;
				INFOPLIST_FILE = JMZhihuDaily/Info.plist;
				LD_RUNPATH_SEARCH_PATHS = "$(inherited) @executable_path/Frameworks";
				OTHER_LDFLAGS = (
					"$(inherited)",
					"-ObjC",
					"-l\"AFNetworking\"",
					"-l\"AVOSCloud\"",
					"-l\"FrameAccessor\"",
					"-l\"SDWebImage\"",
					"-l\"icucore\"",
					"-l\"sqlite3\"",
					"-l\"z\"",
					"-framework",
					"\"CFNetwork\"",
					"-framework",
					"\"CoreGraphics\"",
					"-framework",
					"\"CoreLocation\"",
					"-framework",
					"\"CoreTelephony\"",
					"-framework",
					"\"ImageIO\"",
					"-framework",
					"\"MobileCoreServices\"",
					"-framework",
					"\"QuartzCore\"",
					"-framework",
					"\"Security\"",
					"-framework",
					"\"SystemConfiguration\"",
					"-ObjC",
					"-all_load",
				);
				PRODUCT_BUNDLE_IDENTIFIER = qq100858433.JMZhihuDaily;
				PRODUCT_NAME = "知乎日报";
			};
			name = Release;
		};
/* End XCBuildConfiguration section */

/* Begin XCConfigurationList section */
		C4C3C1021BE895C500AA1E73 /* Build configuration list for PBXProject "JMZhihuDaily" */ = {
			isa = XCConfigurationList;
			buildConfigurations = (
				C4C3C11C1BE895C500AA1E73 /* Debug */,
				C4C3C11D1BE895C500AA1E73 /* Release */,
			);
			defaultConfigurationIsVisible = 0;
			defaultConfigurationName = Release;
		};
		C4C3C11E1BE895C500AA1E73 /* Build configuration list for PBXNativeTarget "JMZhihuDaily" */ = {
			isa = XCConfigurationList;
			buildConfigurations = (
				C4C3C11F1BE895C500AA1E73 /* Debug */,
				C4C3C1201BE895C500AA1E73 /* Release */,
			);
			defaultConfigurationIsVisible = 0;
			defaultConfigurationName = Release;
		};
/* End XCConfigurationList section */
	};
	rootObject = C4C3C0FF1BE895C500AA1E73 /* Project object */;
}
